
Microsoft Visual Studio Solution File, Format Version 12.00
# Visual Studio Version 16
VisualStudioVersion = 16.0.30804.86
MinimumVisualStudioVersion = 10.0.40219.1
Project("{FAE04EC0-301F-11D3-BF4B-00C04F79EFBC}") = "MemeTracker.Web.Api", "MemeTracker.Web.Api\MemeTracker.Web.Api.csproj", "{3B67A2C7-882D-4180-9F0B-4EAD919993BB}"
EndProject
Project("{FAE04EC0-301F-11D3-BF4B-00C04F79EFBC}") = "MemeTracker.FunctionalServices", "MemeTracker.FunctionalServices\MemeTracker.FunctionalServices.csproj", "{1B9B35FF-D62D-4AC2-A8EB-69C291542B0E}"
EndProject
Global
	GlobalSection(SolutionConfigurationPlatforms) = preSolution
		Debug|Any CPU = Debug|Any CPU
		Release|Any CPU = Release|Any CPU
	EndGlobalSection
	GlobalSection(ProjectConfigurationPlatforms) = postSolution
		{3B67A2C7-882D-4180-9F0B-4EAD919993BB}.Debug|Any CPU.ActiveCfg = Debug|Any CPU
		{3B67A2C7-882D-4180-9F0B-4EAD919993BB}.Debug|Any CPU.Build.0 = Debug|Any CPU
		{3B67A2C7-882D-4180-9F0B-4EAD919993BB}.Release|Any CPU.ActiveCfg = Release|Any CPU
		{3B67A2C7-882D-4180-9F0B-4EAD919993BB}.Release|Any CPU.Build.0 = Release|Any CPU
		{1B9B35FF-D62D-4AC2-A8EB-69C291542B0E}.Debug|Any CPU.ActiveCfg = Debug|Any CPU
		{1B9B35FF-D62D-4AC2-A8EB-69C291542B0E}.Debug|Any CPU.Build.0 = Debug|Any CPU
		{1B9B35FF-D62D-4AC2-A8EB-69C291542B0E}.Release|Any CPU.ActiveCfg = Release|Any CPU
		{1B9B35FF-D62D-4AC2-A8EB-69C291542B0E}.Release|Any CPU.Build.0 = Release|Any CPU
	EndGlobalSection
	GlobalSection(SolutionProperties) = preSolution
		HideSolutionNode = FALSE
	EndGlobalSection
	GlobalSection(ExtensibilityGlobals) = postSolution
		SolutionGuid = {C52DED4D-C81E-4A3E-93B3-AEF0D7C8E28A}
	EndGlobalSection
EndGlobal
